
Microsoft Visual Studio Solution File, Format Version 12.00
# Visual Studio Version 17
VisualStudioVersion = 17.5.002.0
MinimumVisualStudioVersion = 10.0.40219.1
Project("{9A19103F-16F7-4668-BE54-9A1E7A4F7556}") = "Exercicio04", "Exercicio04.csproj", "{F27A9FEE-29FC-49F3-AB67-9D0B7F9280B6}"
EndProject
Global
	GlobalSection(SolutionConfigurationPlatforms) = preSolution
		Debug|Any CPU = Debug|Any CPU
		Release|Any CPU = Release|Any CPU
	EndGlobalSection
	GlobalSection(ProjectConfigurationPlatforms) = postSolution
		{F27A9FEE-29FC-49F3-AB67-9D0B7F9280B6}.Debug|Any CPU.ActiveCfg = Debug|Any CPU
		{F27A9FEE-29FC-49F3-AB67-9D0B7F9280B6}.Debug|Any CPU.Build.0 = Debug|Any CPU
		{F27A9FEE-29FC-49F3-AB67-9D0B7F9280B6}.Release|Any CPU.ActiveCfg = Release|Any CPU
		{F27A9FEE-29FC-49F3-AB67-9D0B7F9280B6}.Release|Any CPU.Build.0 = Release|Any CPU
	EndGlobalSection
	GlobalSection(SolutionProperties) = preSolution
		HideSolutionNode = FALSE
	EndGlobalSection
	GlobalSection(ExtensibilityGlobals) = postSolution
		SolutionGuid = {28BB8B18-DDC4-46AE-B72C-85EAAED0BB01}
	EndGlobalSection
EndGlobal
