
Microsoft Visual Studio Solution File, Format Version 12.00
# Visual Studio Version 17
VisualStudioVersion = 17.5.002.0
MinimumVisualStudioVersion = 10.0.40219.1
Project("{9A19103F-16F7-4668-BE54-9A1E7A4F7556}") = "lista2_01", "lista2_01.csproj", "{A8D7AB70-165B-4558-8503-1A2804545CEB}"
EndProject
Global
	GlobalSection(SolutionConfigurationPlatforms) = preSolution
		Debug|Any CPU = Debug|Any CPU
		Release|Any CPU = Release|Any CPU
	EndGlobalSection
	GlobalSection(ProjectConfigurationPlatforms) = postSolution
		{A8D7AB70-165B-4558-8503-1A2804545CEB}.Debug|Any CPU.ActiveCfg = Debug|Any CPU
		{A8D7AB70-165B-4558-8503-1A2804545CEB}.Debug|Any CPU.Build.0 = Debug|Any CPU
		{A8D7AB70-165B-4558-8503-1A2804545CEB}.Release|Any CPU.ActiveCfg = Release|Any CPU
		{A8D7AB70-165B-4558-8503-1A2804545CEB}.Release|Any CPU.Build.0 = Release|Any CPU
	EndGlobalSection
	GlobalSection(SolutionProperties) = preSolution
		HideSolutionNode = FALSE
	EndGlobalSection
	GlobalSection(ExtensibilityGlobals) = postSolution
		SolutionGuid = {96871285-8220-4907-AFC7-270A8B092891}
	EndGlobalSection
EndGlobal
