
Microsoft Visual Studio Solution File, Format Version 12.00
# Visual Studio Version 17
VisualStudioVersion = 17.5.002.0
MinimumVisualStudioVersion = 10.0.40219.1
Project("{9A19103F-16F7-4668-BE54-9A1E7A4F7556}") = "Projeto02", "Projeto02.csproj", "{8E29872B-CBD5-483E-8863-0EA601F5E209}"
EndProject
Global
	GlobalSection(SolutionConfigurationPlatforms) = preSolution
		Debug|Any CPU = Debug|Any CPU
		Release|Any CPU = Release|Any CPU
	EndGlobalSection
	GlobalSection(ProjectConfigurationPlatforms) = postSolution
		{8E29872B-CBD5-483E-8863-0EA601F5E209}.Debug|Any CPU.ActiveCfg = Debug|Any CPU
		{8E29872B-CBD5-483E-8863-0EA601F5E209}.Debug|Any CPU.Build.0 = Debug|Any CPU
		{8E29872B-CBD5-483E-8863-0EA601F5E209}.Release|Any CPU.ActiveCfg = Release|Any CPU
		{8E29872B-CBD5-483E-8863-0EA601F5E209}.Release|Any CPU.Build.0 = Release|Any CPU
	EndGlobalSection
	GlobalSection(SolutionProperties) = preSolution
		HideSolutionNode = FALSE
	EndGlobalSection
	GlobalSection(ExtensibilityGlobals) = postSolution
		SolutionGuid = {03C09CAB-BA85-4D0E-AA8F-AF696284EE03}
	EndGlobalSection
EndGlobal
