
Microsoft Visual Studio Solution File, Format Version 12.00
# Visual Studio Version 17
VisualStudioVersion = 17.5.002.0
MinimumVisualStudioVersion = 10.0.40219.1
Project("{9A19103F-16F7-4668-BE54-9A1E7A4F7556}") = "ex02", "ex02.csproj", "{B15C9DF7-7E08-4BEB-95A8-426A598939FD}"
EndProject
Global
	GlobalSection(SolutionConfigurationPlatforms) = preSolution
		Debug|Any CPU = Debug|Any CPU
		Release|Any CPU = Release|Any CPU
	EndGlobalSection
	GlobalSection(ProjectConfigurationPlatforms) = postSolution
		{B15C9DF7-7E08-4BEB-95A8-426A598939FD}.Debug|Any CPU.ActiveCfg = Debug|Any CPU
		{B15C9DF7-7E08-4BEB-95A8-426A598939FD}.Debug|Any CPU.Build.0 = Debug|Any CPU
		{B15C9DF7-7E08-4BEB-95A8-426A598939FD}.Release|Any CPU.ActiveCfg = Release|Any CPU
		{B15C9DF7-7E08-4BEB-95A8-426A598939FD}.Release|Any CPU.Build.0 = Release|Any CPU
	EndGlobalSection
	GlobalSection(SolutionProperties) = preSolution
		HideSolutionNode = FALSE
	EndGlobalSection
	GlobalSection(ExtensibilityGlobals) = postSolution
		SolutionGuid = {F582A808-71A8-4F6D-B725-F0EE62537350}
	EndGlobalSection
EndGlobal
